// !$*UTF8*$!
{
	archiveVersion = 1;
	classes = {
	};
	objectVersion = 46;
	objects = {

/* Begin PBXBuildFile section */
		1704D15E1D1A817F00DA15E6 /* HostingCell.swift in Sources */ = {isa = PBXBuildFile; fileRef = 1704D15D1D1A817F00DA15E6 /* HostingCell.swift */; };
		171441BF1D1B19E100300658 /* Association.swift in Sources */ = {isa = PBXBuildFile; fileRef = 172EA9E21D1B114200CD5E1A /* Association.swift */; };
		171441C21D1B22E400300658 /* Example.swift in Sources */ = {isa = PBXBuildFile; fileRef = 171441C01D1B22C600300658 /* Example.swift */; };
		172340F31D19BE4500011CA6 /* ExampleCollectionViewController.swift in Sources */ = {isa = PBXBuildFile; fileRef = 172340ED1D19BD6B00011CA6 /* ExampleCollectionViewController.swift */; };
		172340F41D19BE4500011CA6 /* ExampleTableViewController.swift in Sources */ = {isa = PBXBuildFile; fileRef = 172340EB1D19BD1100011CA6 /* ExampleTableViewController.swift */; };
		172340F91D19BEE600011CA6 /* Number.swift in Sources */ = {isa = PBXBuildFile; fileRef = 172340F71D19BEE300011CA6 /* Number.swift */; };
		172340FB1D19BEFA00011CA6 /* PrimeFlag.swift in Sources */ = {isa = PBXBuildFile; fileRef = 172340FA1D19BEFA00011CA6 /* PrimeFlag.swift */; };
		172340FD1D19C21500011CA6 /* NumberViewController.swift in Sources */ = {isa = PBXBuildFile; fileRef = 172340FC1D19C21500011CA6 /* NumberViewController.swift */; };
		172340FF1D19C26800011CA6 /* NumberView.swift in Sources */ = {isa = PBXBuildFile; fileRef = 172340FE1D19C26800011CA6 /* NumberView.swift */; };
		172341011D19C26F00011CA6 /* PrimeFlagView.swift in Sources */ = {isa = PBXBuildFile; fileRef = 172341001D19C26F00011CA6 /* PrimeFlagView.swift */; };
		172341031D19C27900011CA6 /* PrimeFlagViewController.swift in Sources */ = {isa = PBXBuildFile; fileRef = 172341021D19C27900011CA6 /* PrimeFlagViewController.swift */; };
		1723410B1D19DF7A00011CA6 /* DataMediator.swift in Sources */ = {isa = PBXBuildFile; fileRef = 1723410A1D19DF7A00011CA6 /* DataMediator.swift */; };
		1723410F1D19E07700011CA6 /* DataView.swift in Sources */ = {isa = PBXBuildFile; fileRef = 1723410E1D19E07700011CA6 /* DataView.swift */; };
		172341111D19E5E100011CA6 /* Section.swift in Sources */ = {isa = PBXBuildFile; fileRef = 172341101D19E5E100011CA6 /* Section.swift */; };
		172341171D19EF4200011CA6 /* Mensa.framework in Frameworks */ = {isa = PBXBuildFile; fileRef = 1772ABBA1D188BA0007DC99F /* Mensa.framework */; };
		172341181D19EF4200011CA6 /* Mensa.framework in Embed Frameworks */ = {isa = PBXBuildFile; fileRef = 1772ABBA1D188BA0007DC99F /* Mensa.framework */; settings = {ATTRIBUTES = (CodeSignOnCopy, RemoveHeadersOnCopy, ); }; };
		172341231D19F78200011CA6 /* DataDisplaying.swift in Sources */ = {isa = PBXBuildFile; fileRef = 172341221D19F78200011CA6 /* DataDisplaying.swift */; };
		172341251D1A07AE00011CA6 /* Display.swift in Sources */ = {isa = PBXBuildFile; fileRef = 172341241D1A07AE00011CA6 /* Display.swift */; };
		172341281D1A390E00011CA6 /* NumberView.xib in Resources */ = {isa = PBXBuildFile; fileRef = 172341201D19F59500011CA6 /* NumberView.xib */; };
		1723412A1D1A3D5B00011CA6 /* ItemDisplaying.swift in Sources */ = {isa = PBXBuildFile; fileRef = 172341291D1A3D5B00011CA6 /* ItemDisplaying.swift */; };
		173AC6EF1D1A75E40053446D /* PrimeFlagView.xib in Resources */ = {isa = PBXBuildFile; fileRef = 173AC6EE1D1A75E40053446D /* PrimeFlagView.xib */; };
		1772ABBE1D188BA0007DC99F /* Mensa.h in Headers */ = {isa = PBXBuildFile; fileRef = 1772ABBD1D188BA0007DC99F /* Mensa.h */; settings = {ATTRIBUTES = (Public, ); }; };
		1772ABCC1D188BB9007DC99F /* AppDelegate.swift in Sources */ = {isa = PBXBuildFile; fileRef = 1772ABCB1D188BB9007DC99F /* AppDelegate.swift */; };
		1772ABD11D188BB9007DC99F /* Main.storyboard in Resources */ = {isa = PBXBuildFile; fileRef = 1772ABCF1D188BB9007DC99F /* Main.storyboard */; };
		1772ABD31D188BB9007DC99F /* Assets.xcassets in Resources */ = {isa = PBXBuildFile; fileRef = 1772ABD21D188BB9007DC99F /* Assets.xcassets */; };
		179C60CC1D1A8A91002A3AA6 /* MultilineLabel.swift in Sources */ = {isa = PBXBuildFile; fileRef = 179C60CB1D1A8A91002A3AA6 /* MultilineLabel.swift */; };
		17C406451D429C3000B5F1DB /* Scrolling.swift in Sources */ = {isa = PBXBuildFile; fileRef = 17C406441D429C3000B5F1DB /* Scrolling.swift */; };
/* End PBXBuildFile section */

/* Begin PBXContainerItemProxy section */
		172341191D19EF4200011CA6 /* PBXContainerItemProxy */ = {
			isa = PBXContainerItemProxy;
			containerPortal = 1772ABB11D188BA0007DC99F /* Project object */;
			proxyType = 1;
			remoteGlobalIDString = 1772ABB91D188BA0007DC99F;
			remoteInfo = Mensa;
		};
/* End PBXContainerItemProxy section */

/* Begin PBXCopyFilesBuildPhase section */
		1723411B1D19EF4200011CA6 /* Embed Frameworks */ = {
			isa = PBXCopyFilesBuildPhase;
			buildActionMask = 2147483647;
			dstPath = "";
			dstSubfolderSpec = 10;
			files = (
				172341181D19EF4200011CA6 /* Mensa.framework in Embed Frameworks */,
			);
			name = "Embed Frameworks";
			runOnlyForDeploymentPostprocessing = 0;
		};
/* End PBXCopyFilesBuildPhase section */

/* Begin PBXFileReference section */
		1704D15D1D1A817F00DA15E6 /* HostingCell.swift */ = {isa = PBXFileReference; fileEncoding = 4; lastKnownFileType = sourcecode.swift; path = HostingCell.swift; sourceTree = "<group>"; };
		171441C01D1B22C600300658 /* Example.swift */ = {isa = PBXFileReference; fileEncoding = 4; lastKnownFileType = sourcecode.swift; path = Example.swift; sourceTree = "<group>"; };
		172340EB1D19BD1100011CA6 /* ExampleTableViewController.swift */ = {isa = PBXFileReference; fileEncoding = 4; lastKnownFileType = sourcecode.swift; path = ExampleTableViewController.swift; sourceTree = "<group>"; };
		172340ED1D19BD6B00011CA6 /* ExampleCollectionViewController.swift */ = {isa = PBXFileReference; fileEncoding = 4; lastKnownFileType = sourcecode.swift; path = ExampleCollectionViewController.swift; sourceTree = "<group>"; };
		172340F71D19BEE300011CA6 /* Number.swift */ = {isa = PBXFileReference; fileEncoding = 4; lastKnownFileType = sourcecode.swift; path = Number.swift; sourceTree = "<group>"; };
		172340FA1D19BEFA00011CA6 /* PrimeFlag.swift */ = {isa = PBXFileReference; fileEncoding = 4; lastKnownFileType = sourcecode.swift; path = PrimeFlag.swift; sourceTree = "<group>"; };
		172340FC1D19C21500011CA6 /* NumberViewController.swift */ = {isa = PBXFileReference; fileEncoding = 4; lastKnownFileType = sourcecode.swift; path = NumberViewController.swift; sourceTree = "<group>"; };
		172340FE1D19C26800011CA6 /* NumberView.swift */ = {isa = PBXFileReference; fileEncoding = 4; lastKnownFileType = sourcecode.swift; path = NumberView.swift; sourceTree = "<group>"; };
		172341001D19C26F00011CA6 /* PrimeFlagView.swift */ = {isa = PBXFileReference; fileEncoding = 4; lastKnownFileType = sourcecode.swift; path = PrimeFlagView.swift; sourceTree = "<group>"; };
		172341021D19C27900011CA6 /* PrimeFlagViewController.swift */ = {isa = PBXFileReference; fileEncoding = 4; lastKnownFileType = sourcecode.swift; path = PrimeFlagViewController.swift; sourceTree = "<group>"; };
		1723410A1D19DF7A00011CA6 /* DataMediator.swift */ = {isa = PBXFileReference; fileEncoding = 4; lastKnownFileType = sourcecode.swift; path = DataMediator.swift; sourceTree = "<group>"; };
		1723410E1D19E07700011CA6 /* DataView.swift */ = {isa = PBXFileReference; fileEncoding = 4; lastKnownFileType = sourcecode.swift; path = DataView.swift; sourceTree = "<group>"; };
		172341101D19E5E100011CA6 /* Section.swift */ = {isa = PBXFileReference; fileEncoding = 4; lastKnownFileType = sourcecode.swift; path = Section.swift; sourceTree = "<group>"; };
		172341201D19F59500011CA6 /* NumberView.xib */ = {isa = PBXFileReference; fileEncoding = 4; lastKnownFileType = file.xib; path = NumberView.xib; sourceTree = "<group>"; };
		172341221D19F78200011CA6 /* DataDisplaying.swift */ = {isa = PBXFileReference; fileEncoding = 4; lastKnownFileType = sourcecode.swift; path = DataDisplaying.swift; sourceTree = "<group>"; };
		172341241D1A07AE00011CA6 /* Display.swift */ = {isa = PBXFileReference; fileEncoding = 4; lastKnownFileType = sourcecode.swift; path = Display.swift; sourceTree = "<group>"; };
		172341291D1A3D5B00011CA6 /* ItemDisplaying.swift */ = {isa = PBXFileReference; fileEncoding = 4; lastKnownFileType = sourcecode.swift; path = ItemDisplaying.swift; sourceTree = "<group>"; };
		172EA9E21D1B114200CD5E1A /* Association.swift */ = {isa = PBXFileReference; fileEncoding = 4; lastKnownFileType = sourcecode.swift; path = Association.swift; sourceTree = "<group>"; };
		173AC6EE1D1A75E40053446D /* PrimeFlagView.xib */ = {isa = PBXFileReference; fileEncoding = 4; lastKnownFileType = file.xib; path = PrimeFlagView.xib; sourceTree = "<group>"; };
		1772ABBA1D188BA0007DC99F /* Mensa.framework */ = {isa = PBXFileReference; explicitFileType = wrapper.framework; includeInIndex = 0; path = Mensa.framework; sourceTree = BUILT_PRODUCTS_DIR; };
		1772ABBD1D188BA0007DC99F /* Mensa.h */ = {isa = PBXFileReference; lastKnownFileType = sourcecode.c.h; path = Mensa.h; sourceTree = "<group>"; };
		1772ABBF1D188BA0007DC99F /* Info.plist */ = {isa = PBXFileReference; lastKnownFileType = text.plist.xml; path = Info.plist; sourceTree = "<group>"; };
		1772ABC91D188BB9007DC99F /* MensaExample.app */ = {isa = PBXFileReference; explicitFileType = wrapper.application; includeInIndex = 0; path = MensaExample.app; sourceTree = BUILT_PRODUCTS_DIR; };
		1772ABCB1D188BB9007DC99F /* AppDelegate.swift */ = {isa = PBXFileReference; lastKnownFileType = sourcecode.swift; path = AppDelegate.swift; sourceTree = "<group>"; };
		1772ABD01D188BB9007DC99F /* Base */ = {isa = PBXFileReference; lastKnownFileType = file.storyboard; name = Base; path = Base.lproj/Main.storyboard; sourceTree = "<group>"; };
		1772ABD21D188BB9007DC99F /* Assets.xcassets */ = {isa = PBXFileReference; lastKnownFileType = folder.assetcatalog; path = Assets.xcassets; sourceTree = "<group>"; };
		1772ABD71D188BB9007DC99F /* Info.plist */ = {isa = PBXFileReference; lastKnownFileType = text.plist.xml; path = Info.plist; sourceTree = "<group>"; };
		179C60CB1D1A8A91002A3AA6 /* MultilineLabel.swift */ = {isa = PBXFileReference; fileEncoding = 4; lastKnownFileType = sourcecode.swift; path = MultilineLabel.swift; sourceTree = "<group>"; };
		17C406441D429C3000B5F1DB /* Scrolling.swift */ = {isa = PBXFileReference; fileEncoding = 4; lastKnownFileType = sourcecode.swift; path = Scrolling.swift; sourceTree = "<group>"; };
/* End PBXFileReference section */

/* Begin PBXFrameworksBuildPhase section */
		1772ABB61D188BA0007DC99F /* Frameworks */ = {
			isa = PBXFrameworksBuildPhase;
			buildActionMask = 2147483647;
			files = (
			);
			runOnlyForDeploymentPostprocessing = 0;
		};
		1772ABC61D188BB9007DC99F /* Frameworks */ = {
			isa = PBXFrameworksBuildPhase;
			buildActionMask = 2147483647;
			files = (
				172341171D19EF4200011CA6 /* Mensa.framework in Frameworks */,
			);
			runOnlyForDeploymentPostprocessing = 0;
		};
/* End PBXFrameworksBuildPhase section */

/* Begin PBXGroup section */
		172340E91D19BCB300011CA6 /* Number */ = {
			isa = PBXGroup;
			children = (
				172340F71D19BEE300011CA6 /* Number.swift */,
				172340FE1D19C26800011CA6 /* NumberView.swift */,
				172341201D19F59500011CA6 /* NumberView.xib */,
				172340FC1D19C21500011CA6 /* NumberViewController.swift */,
			);
			name = Number;
			sourceTree = "<group>";
		};
		172340EA1D19BCB700011CA6 /* Prime Flag */ = {
			isa = PBXGroup;
			children = (
				172340FA1D19BEFA00011CA6 /* PrimeFlag.swift */,
				172341001D19C26F00011CA6 /* PrimeFlagView.swift */,
				173AC6EE1D1A75E40053446D /* PrimeFlagView.xib */,
				172341021D19C27900011CA6 /* PrimeFlagViewController.swift */,
			);
			name = "Prime Flag";
			sourceTree = "<group>";
		};
		1772ABB01D188BA0007DC99F = {
			isa = PBXGroup;
			children = (
				1772ABBC1D188BA0007DC99F /* Mensa */,
				1772ABCA1D188BB9007DC99F /* Example */,
				1772ABBB1D188BA0007DC99F /* Products */,
			);
			sourceTree = "<group>";
		};
		1772ABBB1D188BA0007DC99F /* Products */ = {
			isa = PBXGroup;
			children = (
				1772ABBA1D188BA0007DC99F /* Mensa.framework */,
				1772ABC91D188BB9007DC99F /* MensaExample.app */,
			);
			name = Products;
			sourceTree = "<group>";
		};
		1772ABBC1D188BA0007DC99F /* Mensa */ = {
			isa = PBXGroup;
			children = (
				1772ABBD1D188BA0007DC99F /* Mensa.h */,
				172EA9E21D1B114200CD5E1A /* Association.swift */,
				172341221D19F78200011CA6 /* DataDisplaying.swift */,
				1723410A1D19DF7A00011CA6 /* DataMediator.swift */,
				1723410E1D19E07700011CA6 /* DataView.swift */,
				172341241D1A07AE00011CA6 /* Display.swift */,
				1704D15D1D1A817F00DA15E6 /* HostingCell.swift */,
				172341291D1A3D5B00011CA6 /* ItemDisplaying.swift */,
				179C60CB1D1A8A91002A3AA6 /* MultilineLabel.swift */,
				17C406441D429C3000B5F1DB /* Scrolling.swift */,
				172341101D19E5E100011CA6 /* Section.swift */,
				1772ABBF1D188BA0007DC99F /* Info.plist */,
			);
			path = Mensa;
			sourceTree = "<group>";
		};
		1772ABCA1D188BB9007DC99F /* Example */ = {
			isa = PBXGroup;
			children = (
				172340E91D19BCB300011CA6 /* Number */,
				172340EA1D19BCB700011CA6 /* Prime Flag */,
				1772ABCB1D188BB9007DC99F /* AppDelegate.swift */,
				171441C01D1B22C600300658 /* Example.swift */,
				172340ED1D19BD6B00011CA6 /* ExampleCollectionViewController.swift */,
				172340EB1D19BD1100011CA6 /* ExampleTableViewController.swift */,
				1772ABCF1D188BB9007DC99F /* Main.storyboard */,
				1772ABD21D188BB9007DC99F /* Assets.xcassets */,
				1772ABD71D188BB9007DC99F /* Info.plist */,
			);
			name = Example;
			path = MensaExample;
			sourceTree = "<group>";
		};
/* End PBXGroup section */

/* Begin PBXHeadersBuildPhase section */
		1772ABB71D188BA0007DC99F /* Headers */ = {
			isa = PBXHeadersBuildPhase;
			buildActionMask = 2147483647;
			files = (
				1772ABBE1D188BA0007DC99F /* Mensa.h in Headers */,
			);
			runOnlyForDeploymentPostprocessing = 0;
		};
/* End PBXHeadersBuildPhase section */

/* Begin PBXNativeTarget section */
		1772ABB91D188BA0007DC99F /* Mensa */ = {
			isa = PBXNativeTarget;
			buildConfigurationList = 1772ABC21D188BA0007DC99F /* Build configuration list for PBXNativeTarget "Mensa" */;
			buildPhases = (
				1772ABB51D188BA0007DC99F /* Sources */,
				1772ABB61D188BA0007DC99F /* Frameworks */,
				1772ABB71D188BA0007DC99F /* Headers */,
				1772ABB81D188BA0007DC99F /* Resources */,
			);
			buildRules = (
			);
			dependencies = (
			);
			name = Mensa;
			productName = Mensa;
			productReference = 1772ABBA1D188BA0007DC99F /* Mensa.framework */;
			productType = "com.apple.product-type.framework";
		};
		1772ABC81D188BB9007DC99F /* MensaExample */ = {
			isa = PBXNativeTarget;
			buildConfigurationList = 1772ABD81D188BB9007DC99F /* Build configuration list for PBXNativeTarget "MensaExample" */;
			buildPhases = (
				1772ABC51D188BB9007DC99F /* Sources */,
				1772ABC61D188BB9007DC99F /* Frameworks */,
				1772ABC71D188BB9007DC99F /* Resources */,
				1723411B1D19EF4200011CA6 /* Embed Frameworks */,
			);
			buildRules = (
			);
			dependencies = (
				1723411A1D19EF4200011CA6 /* PBXTargetDependency */,
			);
			name = MensaExample;
			productName = MensaExample;
			productReference = 1772ABC91D188BB9007DC99F /* MensaExample.app */;
			productType = "com.apple.product-type.application";
		};
/* End PBXNativeTarget section */

/* Begin PBXProject section */
		1772ABB11D188BA0007DC99F /* Project object */ = {
			isa = PBXProject;
			attributes = {
				LastSwiftUpdateCheck = 0800;
				LastUpgradeCheck = 0800;
				ORGANIZATIONNAME = "Jordan Kay";
				TargetAttributes = {
					1772ABB91D188BA0007DC99F = {
						CreatedOnToolsVersion = 8.0;
						DevelopmentTeam = SPP937VW7P;
						DevelopmentTeamName = "Jordan Kay (Personal Team)";
						LastSwiftMigration = 0800;
						ProvisioningStyle = Automatic;
					};
					1772ABC81D188BB9007DC99F = {
						CreatedOnToolsVersion = 8.0;
						DevelopmentTeam = SPP937VW7P;
						DevelopmentTeamName = "Jordan Kay (Personal Team)";
						ProvisioningStyle = Automatic;
					};
				};
			};
			buildConfigurationList = 1772ABB41D188BA0007DC99F /* Build configuration list for PBXProject "Mensa" */;
			compatibilityVersion = "Xcode 3.2";
			developmentRegion = English;
			hasScannedForEncodings = 0;
			knownRegions = (
				en,
				Base,
			);
			mainGroup = 1772ABB01D188BA0007DC99F;
			productRefGroup = 1772ABBB1D188BA0007DC99F /* Products */;
			projectDirPath = "";
			projectRoot = "";
			targets = (
				1772ABB91D188BA0007DC99F /* Mensa */,
				1772ABC81D188BB9007DC99F /* MensaExample */,
			);
		};
/* End PBXProject section */

/* Begin PBXResourcesBuildPhase section */
		1772ABB81D188BA0007DC99F /* Resources */ = {
			isa = PBXResourcesBuildPhase;
			buildActionMask = 2147483647;
			files = (
			);
			runOnlyForDeploymentPostprocessing = 0;
		};
		1772ABC71D188BB9007DC99F /* Resources */ = {
			isa = PBXResourcesBuildPhase;
			buildActionMask = 2147483647;
			files = (
				173AC6EF1D1A75E40053446D /* PrimeFlagView.xib in Resources */,
				1772ABD31D188BB9007DC99F /* Assets.xcassets in Resources */,
				172341281D1A390E00011CA6 /* NumberView.xib in Resources */,
				1772ABD11D188BB9007DC99F /* Main.storyboard in Resources */,
			);
			runOnlyForDeploymentPostprocessing = 0;
		};
/* End PBXResourcesBuildPhase section */

/* Begin PBXSourcesBuildPhase section */
		1772ABB51D188BA0007DC99F /* Sources */ = {
			isa = PBXSourcesBuildPhase;
			buildActionMask = 2147483647;
			files = (
				172341111D19E5E100011CA6 /* Section.swift in Sources */,
				1723410B1D19DF7A00011CA6 /* DataMediator.swift in Sources */,
				172341251D1A07AE00011CA6 /* Display.swift in Sources */,
				1723412A1D1A3D5B00011CA6 /* ItemDisplaying.swift in Sources */,
				179C60CC1D1A8A91002A3AA6 /* MultilineLabel.swift in Sources */,
				17C406451D429C3000B5F1DB /* Scrolling.swift in Sources */,
				1704D15E1D1A817F00DA15E6 /* HostingCell.swift in Sources */,
				171441BF1D1B19E100300658 /* Association.swift in Sources */,
				172341231D19F78200011CA6 /* DataDisplaying.swift in Sources */,
				1723410F1D19E07700011CA6 /* DataView.swift in Sources */,
			);
			runOnlyForDeploymentPostprocessing = 0;
		};
		1772ABC51D188BB9007DC99F /* Sources */ = {
			isa = PBXSourcesBuildPhase;
			buildActionMask = 2147483647;
			files = (
				172341011D19C26F00011CA6 /* PrimeFlagView.swift in Sources */,
				172340F91D19BEE600011CA6 /* Number.swift in Sources */,
				172340F41D19BE4500011CA6 /* ExampleTableViewController.swift in Sources */,
				172341031D19C27900011CA6 /* PrimeFlagViewController.swift in Sources */,
				171441C21D1B22E400300658 /* Example.swift in Sources */,
				1772ABCC1D188BB9007DC99F /* AppDelegate.swift in Sources */,
				172340FD1D19C21500011CA6 /* NumberViewController.swift in Sources */,
				172340FB1D19BEFA00011CA6 /* PrimeFlag.swift in Sources */,
				172340F31D19BE4500011CA6 /* ExampleCollectionViewController.swift in Sources */,
				172340FF1D19C26800011CA6 /* NumberView.swift in Sources */,
			);
			runOnlyForDeploymentPostprocessing = 0;
		};
/* End PBXSourcesBuildPhase section */

/* Begin PBXTargetDependency section */
		1723411A1D19EF4200011CA6 /* PBXTargetDependency */ = {
			isa = PBXTargetDependency;
			target = 1772ABB91D188BA0007DC99F /* Mensa */;
			targetProxy = 172341191D19EF4200011CA6 /* PBXContainerItemProxy */;
		};
/* End PBXTargetDependency section */

/* Begin PBXVariantGroup section */
		1772ABCF1D188BB9007DC99F /* Main.storyboard */ = {
			isa = PBXVariantGroup;
			children = (
				1772ABD01D188BB9007DC99F /* Base */,
			);
			name = Main.storyboard;
			sourceTree = "<group>";
		};
/* End PBXVariantGroup section */

/* Begin XCBuildConfiguration section */
		1772ABC01D188BA0007DC99F /* Debug */ = {
			isa = XCBuildConfiguration;
			buildSettings = {
				ALWAYS_SEARCH_USER_PATHS = NO;
				CLANG_ANALYZER_NONNULL = YES;
				CLANG_CXX_LANGUAGE_STANDARD = "gnu++0x";
				CLANG_CXX_LIBRARY = "libc++";
				CLANG_ENABLE_MODULES = YES;
				CLANG_ENABLE_OBJC_ARC = YES;
				CLANG_WARN_BOOL_CONVERSION = YES;
				CLANG_WARN_CONSTANT_CONVERSION = YES;
				CLANG_WARN_DIRECT_OBJC_ISA_USAGE = YES_ERROR;
				CLANG_WARN_DOCUMENTATION_COMMENTS = YES;
				CLANG_WARN_EMPTY_BODY = YES;
				CLANG_WARN_ENUM_CONVERSION = YES;
				CLANG_WARN_INT_CONVERSION = YES;
				CLANG_WARN_OBJC_ROOT_CLASS = YES_ERROR;
				CLANG_WARN_UNREACHABLE_CODE = YES;
				CLANG_WARN__DUPLICATE_METHOD_MATCH = YES;
				"CODE_SIGN_IDENTITY[sdk=iphoneos*]" = "iPhone Developer";
				COPY_PHASE_STRIP = NO;
				CURRENT_PROJECT_VERSION = 1;
				DEBUG_INFORMATION_FORMAT = dwarf;
				ENABLE_STRICT_OBJC_MSGSEND = YES;
				ENABLE_TESTABILITY = YES;
				GCC_C_LANGUAGE_STANDARD = gnu99;
				GCC_DYNAMIC_NO_PIC = NO;
				GCC_NO_COMMON_BLOCKS = YES;
				GCC_OPTIMIZATION_LEVEL = 0;
				GCC_PREPROCESSOR_DEFINITIONS = (
					"DEBUG=1",
					"$(inherited)",
				);
				GCC_WARN_64_TO_32_BIT_CONVERSION = YES;
				GCC_WARN_ABOUT_RETURN_TYPE = YES_ERROR;
				GCC_WARN_UNDECLARED_SELECTOR = YES;
				GCC_WARN_UNINITIALIZED_AUTOS = YES_AGGRESSIVE;
				GCC_WARN_UNUSED_FUNCTION = YES;
				GCC_WARN_UNUSED_VARIABLE = YES;
				IPHONEOS_DEPLOYMENT_TARGET = 10.0;
				MTL_ENABLE_DEBUG_INFO = YES;
				ONLY_ACTIVE_ARCH = YES;
				SDKROOT = iphoneos;
				SWIFT_ACTIVE_COMPILATION_CONDITIONS = DEBUG;
				SWIFT_OPTIMIZATION_LEVEL = "-Onone";
				TARGETED_DEVICE_FAMILY = "1,2";
				VERSIONING_SYSTEM = "apple-generic";
				VERSION_INFO_PREFIX = "";
			};
			name = Debug;
		};
		1772ABC11D188BA0007DC99F /* Release */ = {
			isa = XCBuildConfiguration;
			buildSettings = {
				ALWAYS_SEARCH_USER_PATHS = NO;
				CLANG_ANALYZER_NONNULL = YES;
				CLANG_CXX_LANGUAGE_STANDARD = "gnu++0x";
				CLANG_CXX_LIBRARY = "libc++";
				CLANG_ENABLE_MODULES = YES;
				CLANG_ENABLE_OBJC_ARC = YES;
				CLANG_WARN_BOOL_CONVERSION = YES;
				CLANG_WARN_CONSTANT_CONVERSION = YES;
				CLANG_WARN_DIRECT_OBJC_ISA_USAGE = YES_ERROR;
				CLANG_WARN_DOCUMENTATION_COMMENTS = YES;
				CLANG_WARN_EMPTY_BODY = YES;
				CLANG_WARN_ENUM_CONVERSION = YES;
				CLANG_WARN_INT_CONVERSION = YES;
				CLANG_WARN_OBJC_ROOT_CLASS = YES_ERROR;
				CLANG_WARN_UNREACHABLE_CODE = YES;
				CLANG_WARN__DUPLICATE_METHOD_MATCH = YES;
				"CODE_SIGN_IDENTITY[sdk=iphoneos*]" = "iPhone Developer";
				COPY_PHASE_STRIP = NO;
				CURRENT_PROJECT_VERSION = 1;
				DEBUG_INFORMATION_FORMAT = "dwarf-with-dsym";
				ENABLE_NS_ASSERTIONS = NO;
				ENABLE_STRICT_OBJC_MSGSEND = YES;
				GCC_C_LANGUAGE_STANDARD = gnu99;
				GCC_NO_COMMON_BLOCKS = YES;
				GCC_OPTIMIZATION_LEVEL = fast;
				GCC_WARN_64_TO_32_BIT_CONVERSION = YES;
				GCC_WARN_ABOUT_RETURN_TYPE = YES_ERROR;
				GCC_WARN_UNDECLARED_SELECTOR = YES;
				GCC_WARN_UNINITIALIZED_AUTOS = YES_AGGRESSIVE;
				GCC_WARN_UNUSED_FUNCTION = YES;
				GCC_WARN_UNUSED_VARIABLE = YES;
				IPHONEOS_DEPLOYMENT_TARGET = 10.0;
				MTL_ENABLE_DEBUG_INFO = NO;
				SDKROOT = iphoneos;
				SWIFT_OPTIMIZATION_LEVEL = "-Owholemodule";
				TARGETED_DEVICE_FAMILY = "1,2";
				VALIDATE_PRODUCT = YES;
				VERSIONING_SYSTEM = "apple-generic";
				VERSION_INFO_PREFIX = "";
			};
			name = Release;
		};
		1772ABC31D188BA0007DC99F /* Debug */ = {
			isa = XCBuildConfiguration;
			buildSettings = {
				CLANG_ENABLE_MODULES = YES;
				DEFINES_MODULE = YES;
				DYLIB_COMPATIBILITY_VERSION = 1;
				DYLIB_CURRENT_VERSION = 1;
				DYLIB_INSTALL_NAME_BASE = "@rpath";
				INFOPLIST_FILE = Mensa/Info.plist;
				INSTALL_PATH = "$(LOCAL_LIBRARY_DIR)/Frameworks";
				IPHONEOS_DEPLOYMENT_TARGET = 8.0;
				LD_RUNPATH_SEARCH_PATHS = "$(inherited) @executable_path/Frameworks @loader_path/Frameworks";
				PRODUCT_BUNDLE_IDENTIFIER = com.jordanekay.Mensa;
				PRODUCT_NAME = "$(TARGET_NAME)";
				SKIP_INSTALL = YES;
				SWIFT_OPTIMIZATION_LEVEL = "-Onone";
				SWIFT_VERSION = 3.0;
			};
			name = Debug;
		};
		1772ABC41D188BA0007DC99F /* Release */ = {
			isa = XCBuildConfiguration;
			buildSettings = {
				CLANG_ENABLE_MODULES = YES;
				DEFINES_MODULE = YES;
				DYLIB_COMPATIBILITY_VERSION = 1;
				DYLIB_CURRENT_VERSION = 1;
				DYLIB_INSTALL_NAME_BASE = "@rpath";
				INFOPLIST_FILE = Mensa/Info.plist;
				INSTALL_PATH = "$(LOCAL_LIBRARY_DIR)/Frameworks";
				IPHONEOS_DEPLOYMENT_TARGET = 8.0;
				LD_RUNPATH_SEARCH_PATHS = "$(inherited) @executable_path/Frameworks @loader_path/Frameworks";
				PRODUCT_BUNDLE_IDENTIFIER = com.jordanekay.Mensa;
				PRODUCT_NAME = "$(TARGET_NAME)";
				SKIP_INSTALL = YES;
				SWIFT_OPTIMIZATION_LEVEL = "-Owholemodule";
				SWIFT_VERSION = 3.0;
			};
			name = Release;
		};
		1772ABD91D188BB9007DC99F /* Debug */ = {
			isa = XCBuildConfiguration;
			buildSettings = {
				ALWAYS_EMBED_SWIFT_STANDARD_LIBRARIES = YES;
				ASSETCATALOG_COMPILER_APPICON_NAME = AppIcon;
				INFOPLIST_FILE = MensaExample/Info.plist;
				IPHONEOS_DEPLOYMENT_TARGET = 8.0;
				LD_RUNPATH_SEARCH_PATHS = "$(inherited) @executable_path/Frameworks";
				PRODUCT_BUNDLE_IDENTIFIER = com.jordanekay.MensaExample;
				PRODUCT_NAME = "$(TARGET_NAME)";
				SWIFT_VERSION = 3.0;
			};
			name = Debug;
		};
		1772ABDA1D188BB9007DC99F /* Release */ = {
			isa = XCBuildConfiguration;
			buildSettings = {
				ALWAYS_EMBED_SWIFT_STANDARD_LIBRARIES = YES;
				ASSETCATALOG_COMPILER_APPICON_NAME = AppIcon;
				INFOPLIST_FILE = MensaExample/Info.plist;
				IPHONEOS_DEPLOYMENT_TARGET = 8.0;
				LD_RUNPATH_SEARCH_PATHS = "$(inherited) @executable_path/Frameworks";
				PRODUCT_BUNDLE_IDENTIFIER = com.jordanekay.MensaExample;
				PRODUCT_NAME = "$(TARGET_NAME)";
				SWIFT_VERSION = 3.0;
			};
			name = Release;
		};
/* End XCBuildConfiguration section */

/* Begin XCConfigurationList section */
		1772ABB41D188BA0007DC99F /* Build configuration list for PBXProject "Mensa" */ = {
			isa = XCConfigurationList;
			buildConfigurations = (
				1772ABC01D188BA0007DC99F /* Debug */,
				1772ABC11D188BA0007DC99F /* Release */,
			);
			defaultConfigurationIsVisible = 0;
			defaultConfigurationName = Release;
		};
		1772ABC21D188BA0007DC99F /* Build configuration list for PBXNativeTarget "Mensa" */ = {
			isa = XCConfigurationList;
			buildConfigurations = (
				1772ABC31D188BA0007DC99F /* Debug */,
				1772ABC41D188BA0007DC99F /* Release */,
			);
			defaultConfigurationIsVisible = 0;
			defaultConfigurationName = Release;
		};
		1772ABD81D188BB9007DC99F /* Build configuration list for PBXNativeTarget "MensaExample" */ = {
			isa = XCConfigurationList;
			buildConfigurations = (
				1772ABD91D188BB9007DC99F /* Debug */,
				1772ABDA1D188BB9007DC99F /* Release */,
			);
			defaultConfigurationIsVisible = 0;
			defaultConfigurationName = Release;
		};
/* End XCConfigurationList section */
	};
	rootObject = 1772ABB11D188BA0007DC99F /* Project object */;
}
